
Microsoft Visual Studio Solution File, Format Version 12.00
Project("{FAE04EC0-301F-11D3-BF4B-00C04F79EFBC}") = "TestTask06022023", "TestTask06022023\TestTask06022023.csproj", "{B18881F6-3262-438C-8653-A654EF35287D}"
EndProject
Global
	GlobalSection(SolutionConfigurationPlatforms) = preSolution
		Debug|Any CPU = Debug|Any CPU
		Release|Any CPU = Release|Any CPU
	EndGlobalSection
	GlobalSection(ProjectConfigurationPlatforms) = postSolution
		{B18881F6-3262-438C-8653-A654EF35287D}.Debug|Any CPU.ActiveCfg = Debug|Any CPU
		{B18881F6-3262-438C-8653-A654EF35287D}.Debug|Any CPU.Build.0 = Debug|Any CPU
		{B18881F6-3262-438C-8653-A654EF35287D}.Release|Any CPU.ActiveCfg = Release|Any CPU
		{B18881F6-3262-438C-8653-A654EF35287D}.Release|Any CPU.Build.0 = Release|Any CPU
	EndGlobalSection
EndGlobal
